
Microsoft Visual Studio Solution File, Format Version 12.00
# Visual Studio Version 16
VisualStudioVersion = 16.0.29806.167
MinimumVisualStudioVersion = 10.0.40219.1
Project("{8BC9CEB8-8B4A-11D0-8D11-00A0C91BC942}") = "ThrGame", "ThrGame\ThrGame.vcxproj", "{C5062521-FA4B-4091-8B4C-F4E969DC3EDC}"
EndProject
Project("{2150E333-8FDC-42A3-9474-1A3956D46DE8}") = "Solution Items", "Solution Items", "{ED136FE1-FF7D-4A17-842E-C593573F9D63}"
	ProjectSection(SolutionItems) = preProject
		ThrGame\AboutPet.cpp = ThrGame\AboutPet.cpp
		ThrGame\ImagesForProject.resx = ThrGame\ImagesForProject.resx
		ThrGame\RatGame.cpp = ThrGame\RatGame.cpp
	EndProjectSection
EndProject
Global
	GlobalSection(SolutionConfigurationPlatforms) = preSolution
		Debug|x64 = Debug|x64
		Debug|x86 = Debug|x86
		Release|x64 = Release|x64
		Release|x86 = Release|x86
	EndGlobalSection
	GlobalSection(ProjectConfigurationPlatforms) = postSolution
		{C5062521-FA4B-4091-8B4C-F4E969DC3EDC}.Debug|x64.ActiveCfg = Debug|x64
		{C5062521-FA4B-4091-8B4C-F4E969DC3EDC}.Debug|x64.Build.0 = Debug|x64
		{C5062521-FA4B-4091-8B4C-F4E969DC3EDC}.Debug|x86.ActiveCfg = Debug|Win32
		{C5062521-FA4B-4091-8B4C-F4E969DC3EDC}.Debug|x86.Build.0 = Debug|Win32
		{C5062521-FA4B-4091-8B4C-F4E969DC3EDC}.Release|x64.ActiveCfg = Release|x64
		{C5062521-FA4B-4091-8B4C-F4E969DC3EDC}.Release|x64.Build.0 = Release|x64
		{C5062521-FA4B-4091-8B4C-F4E969DC3EDC}.Release|x86.ActiveCfg = Release|Win32
		{C5062521-FA4B-4091-8B4C-F4E969DC3EDC}.Release|x86.Build.0 = Release|Win32
	EndGlobalSection
	GlobalSection(SolutionProperties) = preSolution
		HideSolutionNode = FALSE
	EndGlobalSection
	GlobalSection(ExtensibilityGlobals) = postSolution
		SolutionGuid = {D326E7C9-FBD7-4634-94D4-9E239C22F565}
	EndGlobalSection
EndGlobal
