
Microsoft Visual Studio Solution File, Format Version 12.00
# Visual Studio Version 16
VisualStudioVersion = 16.0.29920.165
MinimumVisualStudioVersion = 10.0.40219.1
Project("{8BC9CEB8-8B4A-11D0-8D11-00A0C91BC942}") = "Lab3", "Lab3\Lab3.vcxproj", "{5834EFC2-083A-4372-94BC-33703C6A714C}"
EndProject
Global
	GlobalSection(SolutionConfigurationPlatforms) = preSolution
		Debug|x64 = Debug|x64
		Debug|x86 = Debug|x86
		Release|x64 = Release|x64
		Release|x86 = Release|x86
	EndGlobalSection
	GlobalSection(ProjectConfigurationPlatforms) = postSolution
		{5834EFC2-083A-4372-94BC-33703C6A714C}.Debug|x64.ActiveCfg = Debug|x64
		{5834EFC2-083A-4372-94BC-33703C6A714C}.Debug|x64.Build.0 = Debug|x64
		{5834EFC2-083A-4372-94BC-33703C6A714C}.Debug|x86.ActiveCfg = Debug|Win32
		{5834EFC2-083A-4372-94BC-33703C6A714C}.Debug|x86.Build.0 = Debug|Win32
		{5834EFC2-083A-4372-94BC-33703C6A714C}.Release|x64.ActiveCfg = Release|x64
		{5834EFC2-083A-4372-94BC-33703C6A714C}.Release|x64.Build.0 = Release|x64
		{5834EFC2-083A-4372-94BC-33703C6A714C}.Release|x86.ActiveCfg = Release|Win32
		{5834EFC2-083A-4372-94BC-33703C6A714C}.Release|x86.Build.0 = Release|Win32
	EndGlobalSection
	GlobalSection(SolutionProperties) = preSolution
		HideSolutionNode = FALSE
	EndGlobalSection
	GlobalSection(ExtensibilityGlobals) = postSolution
		SolutionGuid = {49F0471A-0AEF-40B6-984F-71072CF64EDA}
	EndGlobalSection
EndGlobal
